
Microsoft Visual Studio Solution File, Format Version 12.00
# Visual Studio Version 17
VisualStudioVersion = 17.12.35506.116 d17.12
MinimumVisualStudioVersion = 10.0.40219.1
Project("{FAE04EC0-301F-11D3-BF4B-00C04F79EFBC}") = "SWPM APP V2", "SWPM APP V2\SWPM APP V2.csproj", "{B88F800D-7C44-465C-AB7C-9EB53F2DAF4D}"
EndProject
Global
	GlobalSection(SolutionConfigurationPlatforms) = preSolution
		Debug|Any CPU = Debug|Any CPU
		Release|Any CPU = Release|Any CPU
	EndGlobalSection
	GlobalSection(ProjectConfigurationPlatforms) = postSolution
		{B88F800D-7C44-465C-AB7C-9EB53F2DAF4D}.Debug|Any CPU.ActiveCfg = Debug|Any CPU
		{B88F800D-7C44-465C-AB7C-9EB53F2DAF4D}.Debug|Any CPU.Build.0 = Debug|Any CPU
		{B88F800D-7C44-465C-AB7C-9EB53F2DAF4D}.Release|Any CPU.ActiveCfg = Release|Any CPU
		{B88F800D-7C44-465C-AB7C-9EB53F2DAF4D}.Release|Any CPU.Build.0 = Release|Any CPU
	EndGlobalSection
	GlobalSection(SolutionProperties) = preSolution
		HideSolutionNode = FALSE
	EndGlobalSection
EndGlobal
