
Microsoft Visual Studio Solution File, Format Version 12.00
# Visual Studio Version 17
VisualStudioVersion = 17.11.35312.102
MinimumVisualStudioVersion = 10.0.40219.1
Project("{9A19103F-16F7-4668-BE54-9A1E7A4F7556}") = "ProjectManagerLogic", "ProjectManagerLogic\ProjectManagerLogic.csproj", "{53A1796A-774D-4921-8D96-11D9D341D58A}"
EndProject
Project("{9A19103F-16F7-4668-BE54-9A1E7A4F7556}") = "ProjectLogicUnitTests", "ProjectLogicUnitTests\ProjectLogicUnitTests.csproj", "{84D1D377-3695-4BA3-96D0-C620A1BCC5BA}"
EndProject
Project("{9A19103F-16F7-4668-BE54-9A1E7A4F7556}") = "ProjectManagerWebApp", "ProjectManagerWebApp\ProjectManagerWebApp.csproj", "{180E955B-68F0-4590-8A04-DB0EA9A65A62}"
EndProject
Global
	GlobalSection(SolutionConfigurationPlatforms) = preSolution
		Debug|Any CPU = Debug|Any CPU
		Release|Any CPU = Release|Any CPU
	EndGlobalSection
	GlobalSection(ProjectConfigurationPlatforms) = postSolution
		{53A1796A-774D-4921-8D96-11D9D341D58A}.Debug|Any CPU.ActiveCfg = Debug|Any CPU
		{53A1796A-774D-4921-8D96-11D9D341D58A}.Debug|Any CPU.Build.0 = Debug|Any CPU
		{53A1796A-774D-4921-8D96-11D9D341D58A}.Release|Any CPU.ActiveCfg = Release|Any CPU
		{53A1796A-774D-4921-8D96-11D9D341D58A}.Release|Any CPU.Build.0 = Release|Any CPU
		{84D1D377-3695-4BA3-96D0-C620A1BCC5BA}.Debug|Any CPU.ActiveCfg = Debug|Any CPU
		{84D1D377-3695-4BA3-96D0-C620A1BCC5BA}.Debug|Any CPU.Build.0 = Debug|Any CPU
		{84D1D377-3695-4BA3-96D0-C620A1BCC5BA}.Release|Any CPU.ActiveCfg = Release|Any CPU
		{84D1D377-3695-4BA3-96D0-C620A1BCC5BA}.Release|Any CPU.Build.0 = Release|Any CPU
		{180E955B-68F0-4590-8A04-DB0EA9A65A62}.Debug|Any CPU.ActiveCfg = Debug|Any CPU
		{180E955B-68F0-4590-8A04-DB0EA9A65A62}.Debug|Any CPU.Build.0 = Debug|Any CPU
		{180E955B-68F0-4590-8A04-DB0EA9A65A62}.Release|Any CPU.ActiveCfg = Release|Any CPU
		{180E955B-68F0-4590-8A04-DB0EA9A65A62}.Release|Any CPU.Build.0 = Release|Any CPU
	EndGlobalSection
	GlobalSection(SolutionProperties) = preSolution
		HideSolutionNode = FALSE
	EndGlobalSection
	GlobalSection(ExtensibilityGlobals) = postSolution
		SolutionGuid = {6CF57528-6A0C-4CB1-93D0-46CF27A49C9A}
	EndGlobalSection
EndGlobal
